// !$*UTF8*$!
{
	archiveVersion = 1;
	classes = {
	};
	objectVersion = 46;
	objects = {

/* Begin PBXBuildFile section */
		3496F9C51E04DF8E00744A1E /* main.m in Sources */ = {isa = PBXBuildFile; fileRef = 3496F9C41E04DF8E00744A1E /* main.m */; };
		3496F9C81E04DF8E00744A1E /* AppDelegate.m in Sources */ = {isa = PBXBuildFile; fileRef = 3496F9C71E04DF8E00744A1E /* AppDelegate.m */; };
		3496F9CB1E04DF8E00744A1E /* ViewController.m in Sources */ = {isa = PBXBuildFile; fileRef = 3496F9CA1E04DF8E00744A1E /* ViewController.m */; };
		3496F9CE1E04DF8E00744A1E /* Main.storyboard in Resources */ = {isa = PBXBuildFile; fileRef = 3496F9CC1E04DF8E00744A1E /* Main.storyboard */; };
		3496F9D11E04DF8E00744A1E /* funpaw.xcdatamodeld in Sources */ = {isa = PBXBuildFile; fileRef = 3496F9CF1E04DF8E00744A1E /* funpaw.xcdatamodeld */; };
		3496F9D31E04DF8E00744A1E /* Assets.xcassets in Resources */ = {isa = PBXBuildFile; fileRef = 3496F9D21E04DF8E00744A1E /* Assets.xcassets */; };
		3496F9D61E04DF8E00744A1E /* LaunchScreen.storyboard in Resources */ = {isa = PBXBuildFile; fileRef = 3496F9D41E04DF8E00744A1E /* LaunchScreen.storyboard */; };
		8E24109C189B9D404F3ECBE9 /* libPods-funpaw.a in Frameworks */ = {isa = PBXBuildFile; fileRef = 782952FC14463F99DF3112FF /* libPods-funpaw.a */; };
/* End PBXBuildFile section */

/* Begin PBXFileReference section */
		3496F9C01E04DF8E00744A1E /* funpaw.app */ = {isa = PBXFileReference; explicitFileType = wrapper.application; includeInIndex = 0; path = funpaw.app; sourceTree = BUILT_PRODUCTS_DIR; };
		3496F9C41E04DF8E00744A1E /* main.m */ = {isa = PBXFileReference; lastKnownFileType = sourcecode.c.objc; path = main.m; sourceTree = "<group>"; };
		3496F9C61E04DF8E00744A1E /* AppDelegate.h */ = {isa = PBXFileReference; lastKnownFileType = sourcecode.c.h; path = AppDelegate.h; sourceTree = "<group>"; };
		3496F9C71E04DF8E00744A1E /* AppDelegate.m */ = {isa = PBXFileReference; lastKnownFileType = sourcecode.c.objc; path = AppDelegate.m; sourceTree = "<group>"; };
		3496F9C91E04DF8E00744A1E /* ViewController.h */ = {isa = PBXFileReference; lastKnownFileType = sourcecode.c.h; path = ViewController.h; sourceTree = "<group>"; };
		3496F9CA1E04DF8E00744A1E /* ViewController.m */ = {isa = PBXFileReference; lastKnownFileType = sourcecode.c.objc; path = ViewController.m; sourceTree = "<group>"; };
		3496F9CD1E04DF8E00744A1E /* Base */ = {isa = PBXFileReference; lastKnownFileType = file.storyboard; name = Base; path = Base.lproj/Main.storyboard; sourceTree = "<group>"; };
		3496F9D01E04DF8E00744A1E /* funpaw.xcdatamodel */ = {isa = PBXFileReference; lastKnownFileType = wrapper.xcdatamodel; path = funpaw.xcdatamodel; sourceTree = "<group>"; };
		3496F9D21E04DF8E00744A1E /* Assets.xcassets */ = {isa = PBXFileReference; lastKnownFileType = folder.assetcatalog; path = Assets.xcassets; sourceTree = "<group>"; };
		3496F9D51E04DF8E00744A1E /* Base */ = {isa = PBXFileReference; lastKnownFileType = file.storyboard; name = Base; path = Base.lproj/LaunchScreen.storyboard; sourceTree = "<group>"; };
		3496F9D71E04DF8E00744A1E /* Info.plist */ = {isa = PBXFileReference; lastKnownFileType = text.plist.xml; path = Info.plist; sourceTree = "<group>"; };
		3AC2930639E43591051DDADA /* Pods-funpaw.release.xcconfig */ = {isa = PBXFileReference; includeInIndex = 1; lastKnownFileType = text.xcconfig; name = "Pods-funpaw.release.xcconfig"; path = "Pods/Target Support Files/Pods-funpaw/Pods-funpaw.release.xcconfig"; sourceTree = "<group>"; };
		782952FC14463F99DF3112FF /* libPods-funpaw.a */ = {isa = PBXFileReference; explicitFileType = archive.ar; includeInIndex = 0; path = "libPods-funpaw.a"; sourceTree = BUILT_PRODUCTS_DIR; };
		D73B91DE92C95DDCDFE60BB6 /* Pods-funpaw.debug.xcconfig */ = {isa = PBXFileReference; includeInIndex = 1; lastKnownFileType = text.xcconfig; name = "Pods-funpaw.debug.xcconfig"; path = "Pods/Target Support Files/Pods-funpaw/Pods-funpaw.debug.xcconfig"; sourceTree = "<group>"; };
/* End PBXFileReference section */

/* Begin PBXFrameworksBuildPhase section */
		3496F9BD1E04DF8E00744A1E /* Frameworks */ = {
			isa = PBXFrameworksBuildPhase;
			buildActionMask = 2147483647;
			files = (
				8E24109C189B9D404F3ECBE9 /* libPods-funpaw.a in Frameworks */,
			);
			runOnlyForDeploymentPostprocessing = 0;
		};
/* End PBXFrameworksBuildPhase section */

/* Begin PBXGroup section */
		3496F9B71E04DF8E00744A1E = {
			isa = PBXGroup;
			children = (
				3496F9C21E04DF8E00744A1E /* funpaw */,
				3496F9C11E04DF8E00744A1E /* Products */,
				BE24F9B948DE606D7B2BFECA /* Pods */,
				49D47FE9C20FD4AF47CE93A1 /* Frameworks */,
			);
			sourceTree = "<group>";
		};
		3496F9C11E04DF8E00744A1E /* Products */ = {
			isa = PBXGroup;
			children = (
				3496F9C01E04DF8E00744A1E /* funpaw.app */,
			);
			name = Products;
			sourceTree = "<group>";
		};
		3496F9C21E04DF8E00744A1E /* funpaw */ = {
			isa = PBXGroup;
			children = (
				3496F9C61E04DF8E00744A1E /* AppDelegate.h */,
				3496F9C71E04DF8E00744A1E /* AppDelegate.m */,
				3496F9C91E04DF8E00744A1E /* ViewController.h */,
				3496F9CA1E04DF8E00744A1E /* ViewController.m */,
				3496F9CC1E04DF8E00744A1E /* Main.storyboard */,
				3496F9D21E04DF8E00744A1E /* Assets.xcassets */,
				3496F9D41E04DF8E00744A1E /* LaunchScreen.storyboard */,
				3496F9D71E04DF8E00744A1E /* Info.plist */,
				3496F9CF1E04DF8E00744A1E /* funpaw.xcdatamodeld */,
				3496F9C31E04DF8E00744A1E /* Supporting Files */,
			);
			path = funpaw;
			sourceTree = "<group>";
		};
		3496F9C31E04DF8E00744A1E /* Supporting Files */ = {
			isa = PBXGroup;
			children = (
				3496F9C41E04DF8E00744A1E /* main.m */,
			);
			name = "Supporting Files";
			sourceTree = "<group>";
		};
		49D47FE9C20FD4AF47CE93A1 /* Frameworks */ = {
			isa = PBXGroup;
			children = (
				782952FC14463F99DF3112FF /* libPods-funpaw.a */,
			);
			name = Frameworks;
			sourceTree = "<group>";
		};
		BE24F9B948DE606D7B2BFECA /* Pods */ = {
			isa = PBXGroup;
			children = (
				D73B91DE92C95DDCDFE60BB6 /* Pods-funpaw.debug.xcconfig */,
				3AC2930639E43591051DDADA /* Pods-funpaw.release.xcconfig */,
			);
			name = Pods;
			sourceTree = "<group>";
		};
/* End PBXGroup section */

/* Begin PBXNativeTarget section */
		3496F9BF1E04DF8E00744A1E /* funpaw */ = {
			isa = PBXNativeTarget;
			buildConfigurationList = 3496F9DA1E04DF8E00744A1E /* Build configuration list for PBXNativeTarget "funpaw" */;
			buildPhases = (
				D224448A4AB812247E513D0B /* [CP] Check Pods Manifest.lock */,
				3496F9BC1E04DF8E00744A1E /* Sources */,
				3496F9BD1E04DF8E00744A1E /* Frameworks */,
				3496F9BE1E04DF8E00744A1E /* Resources */,
				3ECBFCBC077AD4C4EB97A21A /* [CP] Embed Pods Frameworks */,
				F3EB4EB6E58BF1B12452F246 /* [CP] Copy Pods Resources */,
			);
			buildRules = (
			);
			dependencies = (
			);
			name = funpaw;
			productName = funpaw;
			productReference = 3496F9C01E04DF8E00744A1E /* funpaw.app */;
			productType = "com.apple.product-type.application";
		};
/* End PBXNativeTarget section */

/* Begin PBXProject section */
		3496F9B81E04DF8E00744A1E /* Project object */ = {
			isa = PBXProject;
			attributes = {
				LastUpgradeCheck = 0800;
				ORGANIZATIONNAME = yulei;
				TargetAttributes = {
					3496F9BF1E04DF8E00744A1E = {
						CreatedOnToolsVersion = 8.0;
						DevelopmentTeam = 4UKEB375ND;
						ProvisioningStyle = Automatic;
					};
				};
			};
			buildConfigurationList = 3496F9BB1E04DF8E00744A1E /* Build configuration list for PBXProject "funpaw" */;
			compatibilityVersion = "Xcode 3.2";
			developmentRegion = English;
			hasScannedForEncodings = 0;
			knownRegions = (
				en,
				Base,
			);
			mainGroup = 3496F9B71E04DF8E00744A1E;
			productRefGroup = 3496F9C11E04DF8E00744A1E /* Products */;
			projectDirPath = "";
			projectRoot = "";
			targets = (
				3496F9BF1E04DF8E00744A1E /* funpaw */,
			);
		};
/* End PBXProject section */

/* Begin PBXResourcesBuildPhase section */
		3496F9BE1E04DF8E00744A1E /* Resources */ = {
			isa = PBXResourcesBuildPhase;
			buildActionMask = 2147483647;
			files = (
				3496F9D61E04DF8E00744A1E /* LaunchScreen.storyboard in Resources */,
				3496F9D31E04DF8E00744A1E /* Assets.xcassets in Resources */,
				3496F9CE1E04DF8E00744A1E /* Main.storyboard in Resources */,
			);
			runOnlyForDeploymentPostprocessing = 0;
		};
/* End PBXResourcesBuildPhase section */

/* Begin PBXShellScriptBuildPhase section */
		3ECBFCBC077AD4C4EB97A21A /* [CP] Embed Pods Frameworks */ = {
			isa = PBXShellScriptBuildPhase;
			buildActionMask = 2147483647;
			files = (
			);
			inputPaths = (
			);
			name = "[CP] Embed Pods Frameworks";
			outputPaths = (
			);
			runOnlyForDeploymentPostprocessing = 0;
			shellPath = /bin/sh;
			shellScript = "\"${SRCROOT}/Pods/Target Support Files/Pods-funpaw/Pods-funpaw-frameworks.sh\"\n";
			showEnvVarsInLog = 0;
		};
		D224448A4AB812247E513D0B /* [CP] Check Pods Manifest.lock */ = {
			isa = PBXShellScriptBuildPhase;
			buildActionMask = 2147483647;
			files = (
			);
			inputPaths = (
			);
			name = "[CP] Check Pods Manifest.lock";
			outputPaths = (
			);
			runOnlyForDeploymentPostprocessing = 0;
			shellPath = /bin/sh;
			shellScript = "diff \"${PODS_ROOT}/../Podfile.lock\" \"${PODS_ROOT}/Manifest.lock\" > /dev/null\nif [[ $? != 0 ]] ; then\n    cat << EOM\nerror: The sandbox is not in sync with the Podfile.lock. Run 'pod install' or update your CocoaPods installation.\nEOM\n    exit 1\nfi\n";
			showEnvVarsInLog = 0;
		};
		F3EB4EB6E58BF1B12452F246 /* [CP] Copy Pods Resources */ = {
			isa = PBXShellScriptBuildPhase;
			buildActionMask = 2147483647;
			files = (
			);
			inputPaths = (
			);
			name = "[CP] Copy Pods Resources";
			outputPaths = (
			);
			runOnlyForDeploymentPostprocessing = 0;
			shellPath = /bin/sh;
			shellScript = "\"${SRCROOT}/Pods/Target Support Files/Pods-funpaw/Pods-funpaw-resources.sh\"\n";
			showEnvVarsInLog = 0;
		};
/* End PBXShellScriptBuildPhase section */

/* Begin PBXSourcesBuildPhase section */
		3496F9BC1E04DF8E00744A1E /* Sources */ = {
			isa = PBXSourcesBuildPhase;
			buildActionMask = 2147483647;
			files = (
				3496F9D11E04DF8E00744A1E /* funpaw.xcdatamodeld in Sources */,
				3496F9CB1E04DF8E00744A1E /* ViewController.m in Sources */,
				3496F9C81E04DF8E00744A1E /* AppDelegate.m in Sources */,
				3496F9C51E04DF8E00744A1E /* main.m in Sources */,
			);
			runOnlyForDeploymentPostprocessing = 0;
		};
/* End PBXSourcesBuildPhase section */

/* Begin PBXVariantGroup section */
		3496F9CC1E04DF8E00744A1E /* Main.storyboard */ = {
			isa = PBXVariantGroup;
			children = (
				3496F9CD1E04DF8E00744A1E /* Base */,
			);
			name = Main.storyboard;
			sourceTree = "<group>";
		};
		3496F9D41E04DF8E00744A1E /* LaunchScreen.storyboard */ = {
			isa = PBXVariantGroup;
			children = (
				3496F9D51E04DF8E00744A1E /* Base */,
			);
			name = LaunchScreen.storyboard;
			sourceTree = "<group>";
		};
/* End PBXVariantGroup section */

/* Begin XCBuildConfiguration section */
		3496F9D81E04DF8E00744A1E /* Debug */ = {
			isa = XCBuildConfiguration;
			buildSettings = {
				ALWAYS_SEARCH_USER_PATHS = NO;
				CLANG_ANALYZER_NONNULL = YES;
				CLANG_CXX_LANGUAGE_STANDARD = "gnu++0x";
				CLANG_CXX_LIBRARY = "libc++";
				CLANG_ENABLE_MODULES = YES;
				CLANG_ENABLE_OBJC_ARC = YES;
				CLANG_WARN_BOOL_CONVERSION = YES;
				CLANG_WARN_CONSTANT_CONVERSION = YES;
				CLANG_WARN_DIRECT_OBJC_ISA_USAGE = YES_ERROR;
				CLANG_WARN_DOCUMENTATION_COMMENTS = YES;
				CLANG_WARN_EMPTY_BODY = YES;
				CLANG_WARN_ENUM_CONVERSION = YES;
				CLANG_WARN_INFINITE_RECURSION = YES;
				CLANG_WARN_INT_CONVERSION = YES;
				CLANG_WARN_OBJC_ROOT_CLASS = YES_ERROR;
				CLANG_WARN_SUSPICIOUS_MOVES = YES;
				CLANG_WARN_UNREACHABLE_CODE = YES;
				CLANG_WARN__DUPLICATE_METHOD_MATCH = YES;
				"CODE_SIGN_IDENTITY[sdk=iphoneos*]" = "iPhone Developer";
				COPY_PHASE_STRIP = NO;
				DEBUG_INFORMATION_FORMAT = dwarf;
				ENABLE_STRICT_OBJC_MSGSEND = YES;
				ENABLE_TESTABILITY = YES;
				GCC_C_LANGUAGE_STANDARD = gnu99;
				GCC_DYNAMIC_NO_PIC = NO;
				GCC_NO_COMMON_BLOCKS = YES;
				GCC_OPTIMIZATION_LEVEL = 0;
				GCC_PREPROCESSOR_DEFINITIONS = (
					"DEBUG=1",
					"$(inherited)",
				);
				GCC_WARN_64_TO_32_BIT_CONVERSION = YES;
				GCC_WARN_ABOUT_RETURN_TYPE = YES_ERROR;
				GCC_WARN_UNDECLARED_SELECTOR = YES;
				GCC_WARN_UNINITIALIZED_AUTOS = YES_AGGRESSIVE;
				GCC_WARN_UNUSED_FUNCTION = YES;
				GCC_WARN_UNUSED_VARIABLE = YES;
				IPHONEOS_DEPLOYMENT_TARGET = 10.0;
				MTL_ENABLE_DEBUG_INFO = YES;
				ONLY_ACTIVE_ARCH = YES;
				SDKROOT = iphoneos;
				TARGETED_DEVICE_FAMILY = "1,2";
			};
			name = Debug;
		};
		3496F9D91E04DF8E00744A1E /* Release */ = {
			isa = XCBuildConfiguration;
			buildSettings = {
				ALWAYS_SEARCH_USER_PATHS = NO;
				CLANG_ANALYZER_NONNULL = YES;
				CLANG_CXX_LANGUAGE_STANDARD = "gnu++0x";
				CLANG_CXX_LIBRARY = "libc++";
				CLANG_ENABLE_MODULES = YES;
				CLANG_ENABLE_OBJC_ARC = YES;
				CLANG_WARN_BOOL_CONVERSION = YES;
				CLANG_WARN_CONSTANT_CONVERSION = YES;
				CLANG_WARN_DIRECT_OBJC_ISA_USAGE = YES_ERROR;
				CLANG_WARN_DOCUMENTATION_COMMENTS = YES;
				CLANG_WARN_EMPTY_BODY = YES;
				CLANG_WARN_ENUM_CONVERSION = YES;
				CLANG_WARN_INFINITE_RECURSION = YES;
				CLANG_WARN_INT_CONVERSION = YES;
				CLANG_WARN_OBJC_ROOT_CLASS = YES_ERROR;
				CLANG_WARN_SUSPICIOUS_MOVES = YES;
				CLANG_WARN_UNREACHABLE_CODE = YES;
				CLANG_WARN__DUPLICATE_METHOD_MATCH = YES;
				"CODE_SIGN_IDENTITY[sdk=iphoneos*]" = "iPhone Developer";
				COPY_PHASE_STRIP = NO;
				DEBUG_INFORMATION_FORMAT = "dwarf-with-dsym";
				ENABLE_NS_ASSERTIONS = NO;
				ENABLE_STRICT_OBJC_MSGSEND = YES;
				GCC_C_LANGUAGE_STANDARD = gnu99;
				GCC_NO_COMMON_BLOCKS = YES;
				GCC_WARN_64_TO_32_BIT_CONVERSION = YES;
				GCC_WARN_ABOUT_RETURN_TYPE = YES_ERROR;
				GCC_WARN_UNDECLARED_SELECTOR = YES;
				GCC_WARN_UNINITIALIZED_AUTOS = YES_AGGRESSIVE;
				GCC_WARN_UNUSED_FUNCTION = YES;
				GCC_WARN_UNUSED_VARIABLE = YES;
				IPHONEOS_DEPLOYMENT_TARGET = 10.0;
				MTL_ENABLE_DEBUG_INFO = NO;
				SDKROOT = iphoneos;
				TARGETED_DEVICE_FAMILY = "1,2";
				VALIDATE_PRODUCT = YES;
			};
			name = Release;
		};
		3496F9DB1E04DF8E00744A1E /* Debug */ = {
			isa = XCBuildConfiguration;
			baseConfigurationReference = D73B91DE92C95DDCDFE60BB6 /* Pods-funpaw.debug.xcconfig */;
			buildSettings = {
				ASSETCATALOG_COMPILER_APPICON_NAME = AppIcon;
				DEVELOPMENT_TEAM = 4UKEB375ND;
				INFOPLIST_FILE = funpaw/Info.plist;
				LD_RUNPATH_SEARCH_PATHS = "$(inherited) @executable_path/Frameworks";
				PRODUCT_BUNDLE_IDENTIFIER = com.sego.rimi.funpaw;
				PRODUCT_NAME = "$(TARGET_NAME)";
			};
			name = Debug;
		};
		3496F9DC1E04DF8E00744A1E /* Release */ = {
			isa = XCBuildConfiguration;
			baseConfigurationReference = 3AC2930639E43591051DDADA /* Pods-funpaw.release.xcconfig */;
			buildSettings = {
				ASSETCATALOG_COMPILER_APPICON_NAME = AppIcon;
				DEVELOPMENT_TEAM = 4UKEB375ND;
				INFOPLIST_FILE = funpaw/Info.plist;
				LD_RUNPATH_SEARCH_PATHS = "$(inherited) @executable_path/Frameworks";
				PRODUCT_BUNDLE_IDENTIFIER = com.sego.rimi.funpaw;
				PRODUCT_NAME = "$(TARGET_NAME)";
			};
			name = Release;
		};
/* End XCBuildConfiguration section */

/* Begin XCConfigurationList section */
		3496F9BB1E04DF8E00744A1E /* Build configuration list for PBXProject "funpaw" */ = {
			isa = XCConfigurationList;
			buildConfigurations = (
				3496F9D81E04DF8E00744A1E /* Debug */,
				3496F9D91E04DF8E00744A1E /* Release */,
			);
			defaultConfigurationIsVisible = 0;
			defaultConfigurationName = Release;
		};
		3496F9DA1E04DF8E00744A1E /* Build configuration list for PBXNativeTarget "funpaw" */ = {
			isa = XCConfigurationList;
			buildConfigurations = (
				3496F9DB1E04DF8E00744A1E /* Debug */,
				3496F9DC1E04DF8E00744A1E /* Release */,
			);
			defaultConfigurationIsVisible = 0;
			defaultConfigurationName = Release;
		};
/* End XCConfigurationList section */

/* Begin XCVersionGroup section */
		3496F9CF1E04DF8E00744A1E /* funpaw.xcdatamodeld */ = {
			isa = XCVersionGroup;
			children = (
				3496F9D01E04DF8E00744A1E /* funpaw.xcdatamodel */,
			);
			currentVersion = 3496F9D01E04DF8E00744A1E /* funpaw.xcdatamodel */;
			path = funpaw.xcdatamodeld;
			sourceTree = "<group>";
			versionGroupType = wrapper.xcdatamodel;
		};
/* End XCVersionGroup section */
	};
	rootObject = 3496F9B81E04DF8E00744A1E /* Project object */;
}
